{
  "name": "orillusion-editor",
  "version": "0.0.1",
  "lockfileVersion": 3,
  "requires": true,
  "packages": {
    "": {
      "name": "orillusion-editor",
      "version": "0.0.1",
      "license": "MIT",
      "dependencies": {
        "@orillusion/core": "^0.7.1"
      },
      "devDependencies": {
        "typescript": "^5.3.2"
      }
    },
    "node_modules/@orillusion/core": {
      "version": "0.7.1",
      "resolved": "https://registry.npmjs.org/@orillusion/core/-/core-0.7.1.tgz",
      "integrity": "sha512-NgCKoOpK0NX+PoyVRhHLMsMCFkM9W3aoMwSA1ZjH5mpL2OpxZAiOe6/GMVLPyDmFnmnMDcV2MaBkmSf33n1oyw=="
    },
    "node_modules/typescript": {
      "version": "5.3.2",
      "resolved": "https://registry.npmjs.org/typescript/-/typescript-5.3.2.tgz",
      "integrity": "sha512-6l+RyNy7oAHDfxC4FzSJcz9vnjTKxrLpDG5M2Vu4SHRVNg6xzqZp6LYSR9zjqQTu8DU/f5xwxUdADOkbrIX2gQ==",
      "dev": true,
      "bin": {
        "tsc": "bin/tsc",
        "tsserver": "bin/tsserver"
      },
      "engines": {
        "node": ">=14.17"
      }
    }
  }
}
